{
  "nodes": {
    "nixpkgs": {
      "locked": {
        "lastModified": 1781223978,
        "narHash": "sha256-d34lhgOet4IqYMnCxbIvwFBMOyTV6PT4TyNEOP0/ZhU=",
        "type": "tarball",
        "url": "https://mirrors.tuna.tsinghua.edu.cn/nix-channels/nixos-unstable/nixexprs.tar.xz"
      },
      "original": {
        "type": "tarball",
        "url": "https://mirrors.tuna.tsinghua.edu.cn/nix-channels/nixos-unstable/nixexprs.tar.xz"
      }
    },
    "root": {
      "inputs": {
        "nixpkgs": "nixpkgs"
      }
    }
  },
  "root": "root",
  "version": 7
}
